
Microsoft Visual Studio Solution File, Format Version 12.00
# Visual Studio Version 17
VisualStudioVersion = 17.0.31903.59
MinimumVisualStudioVersion = 10.0.40219.1
Project("{2150E333-8FDC-42A3-9474-1A3956D46DE8}") = "src", "src", "{827E0CD3-B72D-47B6-A68D-7590B98EB39B}"
EndProject
Project("{FAE04EC0-301F-11D3-BF4B-00C04F79EFBC}") = "Mfc.Domain", "src\Mfc.Domain\Mfc.Domain.csproj", "{15A205F6-5391-47DC-B3B3-F3F6C914F6E2}"
EndProject
Project("{FAE04EC0-301F-11D3-BF4B-00C04F79EFBC}") = "Mfc.Application", "src\Mfc.Application\Mfc.Application.csproj", "{75D3D7EE-2BAD-4C9B-BD07-3C58A986A912}"
EndProject
Project("{FAE04EC0-301F-11D3-BF4B-00C04F79EFBC}") = "Mfc.RouterOs", "src\Mfc.RouterOs\Mfc.RouterOs.csproj", "{84A3AE82-01C7-40B0-84AF-D0A3D7A132D0}"
EndProject
Project("{FAE04EC0-301F-11D3-BF4B-00C04F79EFBC}") = "Mfc.Infrastructure", "src\Mfc.Infrastructure\Mfc.Infrastructure.csproj", "{BFCFF93A-DEA4-4FFD-B1DD-D1A98F676686}"
EndProject
Project("{FAE04EC0-301F-11D3-BF4B-00C04F79EFBC}") = "Mfc.Contracts", "src\Mfc.Contracts\Mfc.Contracts.csproj", "{5E71E13E-30B0-40CF-8346-D374F3D70E2F}"
EndProject
Project("{FAE04EC0-301F-11D3-BF4B-00C04F79EFBC}") = "Mfc.Controller", "src\Mfc.Controller\Mfc.Controller.csproj", "{F32B6B2D-F703-494A-953C-6C82CE679699}"
EndProject
Project("{FAE04EC0-301F-11D3-BF4B-00C04F79EFBC}") = "Mfc.Desktop", "src\Mfc.Desktop\Mfc.Desktop.csproj", "{B7A06E9D-57AC-445E-B3E8-7AC4E7AD9906}"
EndProject
Project("{2150E333-8FDC-42A3-9474-1A3956D46DE8}") = "tests", "tests", "{0AB3BF05-4346-4AA6-1389-037BE0695223}"
EndProject
Project("{FAE04EC0-301F-11D3-BF4B-00C04F79EFBC}") = "Mfc.UnitTests", "tests\Mfc.UnitTests\Mfc.UnitTests.csproj", "{317BCD51-2399-4BD6-A42E-B5ADD4C61C47}"
EndProject
Project("{FAE04EC0-301F-11D3-BF4B-00C04F79EFBC}") = "Mfc.IntegrationTests", "tests\Mfc.IntegrationTests\Mfc.IntegrationTests.csproj", "{E7C7BF23-62CC-4087-A0D1-070BD877D60C}"
EndProject
Project("{FAE04EC0-301F-11D3-BF4B-00C04F79EFBC}") = "Mfc.RouterOs.IntegrationTests", "tests\Mfc.RouterOs.IntegrationTests\Mfc.RouterOs.IntegrationTests.csproj", "{AC4AE9FB-C246-407D-BB8B-DEECC3FEB9E5}"
EndProject
Global
	GlobalSection(SolutionConfigurationPlatforms) = preSolution
		Debug|Any CPU = Debug|Any CPU
		Debug|x64 = Debug|x64
		Debug|x86 = Debug|x86
		Release|Any CPU = Release|Any CPU
		Release|x64 = Release|x64
		Release|x86 = Release|x86
	EndGlobalSection
	GlobalSection(ProjectConfigurationPlatforms) = postSolution
		{15A205F6-5391-47DC-B3B3-F3F6C914F6E2}.Debug|Any CPU.ActiveCfg = Debug|Any CPU
		{15A205F6-5391-47DC-B3B3-F3F6C914F6E2}.Debug|Any CPU.Build.0 = Debug|Any CPU
		{15A205F6-5391-47DC-B3B3-F3F6C914F6E2}.Debug|x64.ActiveCfg = Debug|Any CPU
		{15A205F6-5391-47DC-B3B3-F3F6C914F6E2}.Debug|x64.Build.0 = Debug|Any CPU
		{15A205F6-5391-47DC-B3B3-F3F6C914F6E2}.Debug|x86.ActiveCfg = Debug|Any CPU
		{15A205F6-5391-47DC-B3B3-F3F6C914F6E2}.Debug|x86.Build.0 = Debug|Any CPU
		{15A205F6-5391-47DC-B3B3-F3F6C914F6E2}.Release|Any CPU.ActiveCfg = Release|Any CPU
		{15A205F6-5391-47DC-B3B3-F3F6C914F6E2}.Release|Any CPU.Build.0 = Release|Any CPU
		{15A205F6-5391-47DC-B3B3-F3F6C914F6E2}.Release|x64.ActiveCfg = Release|Any CPU
		{15A205F6-5391-47DC-B3B3-F3F6C914F6E2}.Release|x64.Build.0 = Release|Any CPU
		{15A205F6-5391-47DC-B3B3-F3F6C914F6E2}.Release|x86.ActiveCfg = Release|Any CPU
		{15A205F6-5391-47DC-B3B3-F3F6C914F6E2}.Release|x86.Build.0 = Release|Any CPU
		{75D3D7EE-2BAD-4C9B-BD07-3C58A986A912}.Debug|Any CPU.ActiveCfg = Debug|Any CPU
		{75D3D7EE-2BAD-4C9B-BD07-3C58A986A912}.Debug|Any CPU.Build.0 = Debug|Any CPU
		{75D3D7EE-2BAD-4C9B-BD07-3C58A986A912}.Debug|x64.ActiveCfg = Debug|Any CPU
		{75D3D7EE-2BAD-4C9B-BD07-3C58A986A912}.Debug|x64.Build.0 = Debug|Any CPU
		{75D3D7EE-2BAD-4C9B-BD07-3C58A986A912}.Debug|x86.ActiveCfg = Debug|Any CPU
		{75D3D7EE-2BAD-4C9B-BD07-3C58A986A912}.Debug|x86.Build.0 = Debug|Any CPU
		{75D3D7EE-2BAD-4C9B-BD07-3C58A986A912}.Release|Any CPU.ActiveCfg = Release|Any CPU
		{75D3D7EE-2BAD-4C9B-BD07-3C58A986A912}.Release|Any CPU.Build.0 = Release|Any CPU
		{75D3D7EE-2BAD-4C9B-BD07-3C58A986A912}.Release|x64.ActiveCfg = Release|Any CPU
		{75D3D7EE-2BAD-4C9B-BD07-3C58A986A912}.Release|x64.Build.0 = Release|Any CPU
		{75D3D7EE-2BAD-4C9B-BD07-3C58A986A912}.Release|x86.ActiveCfg = Release|Any CPU
		{75D3D7EE-2BAD-4C9B-BD07-3C58A986A912}.Release|x86.Build.0 = Release|Any CPU
		{84A3AE82-01C7-40B0-84AF-D0A3D7A132D0}.Debug|Any CPU.ActiveCfg = Debug|Any CPU
		{84A3AE82-01C7-40B0-84AF-D0A3D7A132D0}.Debug|Any CPU.Build.0 = Debug|Any CPU
		{84A3AE82-01C7-40B0-84AF-D0A3D7A132D0}.Debug|x64.ActiveCfg = Debug|Any CPU
		{84A3AE82-01C7-40B0-84AF-D0A3D7A132D0}.Debug|x64.Build.0 = Debug|Any CPU
		{84A3AE82-01C7-40B0-84AF-D0A3D7A132D0}.Debug|x86.ActiveCfg = Debug|Any CPU
		{84A3AE82-01C7-40B0-84AF-D0A3D7A132D0}.Debug|x86.Build.0 = Debug|Any CPU
		{84A3AE82-01C7-40B0-84AF-D0A3D7A132D0}.Release|Any CPU.ActiveCfg = Release|Any CPU
		{84A3AE82-01C7-40B0-84AF-D0A3D7A132D0}.Release|Any CPU.Build.0 = Release|Any CPU
		{84A3AE82-01C7-40B0-84AF-D0A3D7A132D0}.Release|x64.ActiveCfg = Release|Any CPU
		{84A3AE82-01C7-40B0-84AF-D0A3D7A132D0}.Release|x64.Build.0 = Release|Any CPU
		{84A3AE82-01C7-40B0-84AF-D0A3D7A132D0}.Release|x86.ActiveCfg = Release|Any CPU
		{84A3AE82-01C7-40B0-84AF-D0A3D7A132D0}.Release|x86.Build.0 = Release|Any CPU
		{BFCFF93A-DEA4-4FFD-B1DD-D1A98F676686}.Debug|Any CPU.ActiveCfg = Debug|Any CPU
		{BFCFF93A-DEA4-4FFD-B1DD-D1A98F676686}.Debug|Any CPU.Build.0 = Debug|Any CPU
		{BFCFF93A-DEA4-4FFD-B1DD-D1A98F676686}.Debug|x64.ActiveCfg = Debug|Any CPU
		{BFCFF93A-DEA4-4FFD-B1DD-D1A98F676686}.Debug|x64.Build.0 = Debug|Any CPU
		{BFCFF93A-DEA4-4FFD-B1DD-D1A98F676686}.Debug|x86.ActiveCfg = Debug|Any CPU
		{BFCFF93A-DEA4-4FFD-B1DD-D1A98F676686}.Debug|x86.Build.0 = Debug|Any CPU
		{BFCFF93A-DEA4-4FFD-B1DD-D1A98F676686}.Release|Any CPU.ActiveCfg = Release|Any CPU
		{BFCFF93A-DEA4-4FFD-B1DD-D1A98F676686}.Release|Any CPU.Build.0 = Release|Any CPU
		{BFCFF93A-DEA4-4FFD-B1DD-D1A98F676686}.Release|x64.ActiveCfg = Release|Any CPU
		{BFCFF93A-DEA4-4FFD-B1DD-D1A98F676686}.Release|x64.Build.0 = Release|Any CPU
		{BFCFF93A-DEA4-4FFD-B1DD-D1A98F676686}.Release|x86.ActiveCfg = Release|Any CPU
		{BFCFF93A-DEA4-4FFD-B1DD-D1A98F676686}.Release|x86.Build.0 = Release|Any CPU
		{5E71E13E-30B0-40CF-8346-D374F3D70E2F}.Debug|Any CPU.ActiveCfg = Debug|Any CPU
		{5E71E13E-30B0-40CF-8346-D374F3D70E2F}.Debug|Any CPU.Build.0 = Debug|Any CPU
		{5E71E13E-30B0-40CF-8346-D374F3D70E2F}.Debug|x64.ActiveCfg = Debug|Any CPU
		{5E71E13E-30B0-40CF-8346-D374F3D70E2F}.Debug|x64.Build.0 = Debug|Any CPU
		{5E71E13E-30B0-40CF-8346-D374F3D70E2F}.Debug|x86.ActiveCfg = Debug|Any CPU
		{5E71E13E-30B0-40CF-8346-D374F3D70E2F}.Debug|x86.Build.0 = Debug|Any CPU
		{5E71E13E-30B0-40CF-8346-D374F3D70E2F}.Release|Any CPU.ActiveCfg = Release|Any CPU
		{5E71E13E-30B0-40CF-8346-D374F3D70E2F}.Release|Any CPU.Build.0 = Release|Any CPU
		{5E71E13E-30B0-40CF-8346-D374F3D70E2F}.Release|x64.ActiveCfg = Release|Any CPU
		{5E71E13E-30B0-40CF-8346-D374F3D70E2F}.Release|x64.Build.0 = Release|Any CPU
		{5E71E13E-30B0-40CF-8346-D374F3D70E2F}.Release|x86.ActiveCfg = Release|Any CPU
		{5E71E13E-30B0-40CF-8346-D374F3D70E2F}.Release|x86.Build.0 = Release|Any CPU
		{F32B6B2D-F703-494A-953C-6C82CE679699}.Debug|Any CPU.ActiveCfg = Debug|Any CPU
		{F32B6B2D-F703-494A-953C-6C82CE679699}.Debug|Any CPU.Build.0 = Debug|Any CPU
		{F32B6B2D-F703-494A-953C-6C82CE679699}.Debug|x64.ActiveCfg = Debug|Any CPU
		{F32B6B2D-F703-494A-953C-6C82CE679699}.Debug|x64.Build.0 = Debug|Any CPU
		{F32B6B2D-F703-494A-953C-6C82CE679699}.Debug|x86.ActiveCfg = Debug|Any CPU
		{F32B6B2D-F703-494A-953C-6C82CE679699}.Debug|x86.Build.0 = Debug|Any CPU
		{F32B6B2D-F703-494A-953C-6C82CE679699}.Release|Any CPU.ActiveCfg = Release|Any CPU
		{F32B6B2D-F703-494A-953C-6C82CE679699}.Release|Any CPU.Build.0 = Release|Any CPU
		{F32B6B2D-F703-494A-953C-6C82CE679699}.Release|x64.ActiveCfg = Release|Any CPU
		{F32B6B2D-F703-494A-953C-6C82CE679699}.Release|x64.Build.0 = Release|Any CPU
		{F32B6B2D-F703-494A-953C-6C82CE679699}.Release|x86.ActiveCfg = Release|Any CPU
		{F32B6B2D-F703-494A-953C-6C82CE679699}.Release|x86.Build.0 = Release|Any CPU
		{B7A06E9D-57AC-445E-B3E8-7AC4E7AD9906}.Debug|Any CPU.ActiveCfg = Debug|Any CPU
		{B7A06E9D-57AC-445E-B3E8-7AC4E7AD9906}.Debug|Any CPU.Build.0 = Debug|Any CPU
		{B7A06E9D-57AC-445E-B3E8-7AC4E7AD9906}.Debug|x64.ActiveCfg = Debug|Any CPU
		{B7A06E9D-57AC-445E-B3E8-7AC4E7AD9906}.Debug|x64.Build.0 = Debug|Any CPU
		{B7A06E9D-57AC-445E-B3E8-7AC4E7AD9906}.Debug|x86.ActiveCfg = Debug|Any CPU
		{B7A06E9D-57AC-445E-B3E8-7AC4E7AD9906}.Debug|x86.Build.0 = Debug|Any CPU
		{B7A06E9D-57AC-445E-B3E8-7AC4E7AD9906}.Release|Any CPU.ActiveCfg = Release|Any CPU
		{B7A06E9D-57AC-445E-B3E8-7AC4E7AD9906}.Release|Any CPU.Build.0 = Release|Any CPU
		{B7A06E9D-57AC-445E-B3E8-7AC4E7AD9906}.Release|x64.ActiveCfg = Release|Any CPU
		{B7A06E9D-57AC-445E-B3E8-7AC4E7AD9906}.Release|x64.Build.0 = Release|Any CPU
		{B7A06E9D-57AC-445E-B3E8-7AC4E7AD9906}.Release|x86.ActiveCfg = Release|Any CPU
		{B7A06E9D-57AC-445E-B3E8-7AC4E7AD9906}.Release|x86.Build.0 = Release|Any CPU
		{317BCD51-2399-4BD6-A42E-B5ADD4C61C47}.Debug|Any CPU.ActiveCfg = Debug|Any CPU
		{317BCD51-2399-4BD6-A42E-B5ADD4C61C47}.Debug|Any CPU.Build.0 = Debug|Any CPU
		{317BCD51-2399-4BD6-A42E-B5ADD4C61C47}.Debug|x64.ActiveCfg = Debug|Any CPU
		{317BCD51-2399-4BD6-A42E-B5ADD4C61C47}.Debug|x64.Build.0 = Debug|Any CPU
		{317BCD51-2399-4BD6-A42E-B5ADD4C61C47}.Debug|x86.ActiveCfg = Debug|Any CPU
		{317BCD51-2399-4BD6-A42E-B5ADD4C61C47}.Debug|x86.Build.0 = Debug|Any CPU
		{317BCD51-2399-4BD6-A42E-B5ADD4C61C47}.Release|Any CPU.ActiveCfg = Release|Any CPU
		{317BCD51-2399-4BD6-A42E-B5ADD4C61C47}.Release|Any CPU.Build.0 = Release|Any CPU
		{317BCD51-2399-4BD6-A42E-B5ADD4C61C47}.Release|x64.ActiveCfg = Release|Any CPU
		{317BCD51-2399-4BD6-A42E-B5ADD4C61C47}.Release|x64.Build.0 = Release|Any CPU
		{317BCD51-2399-4BD6-A42E-B5ADD4C61C47}.Release|x86.ActiveCfg = Release|Any CPU
		{317BCD51-2399-4BD6-A42E-B5ADD4C61C47}.Release|x86.Build.0 = Release|Any CPU
		{E7C7BF23-62CC-4087-A0D1-070BD877D60C}.Debug|Any CPU.ActiveCfg = Debug|Any CPU
		{E7C7BF23-62CC-4087-A0D1-070BD877D60C}.Debug|Any CPU.Build.0 = Debug|Any CPU
		{E7C7BF23-62CC-4087-A0D1-070BD877D60C}.Debug|x64.ActiveCfg = Debug|Any CPU
		{E7C7BF23-62CC-4087-A0D1-070BD877D60C}.Debug|x64.Build.0 = Debug|Any CPU
		{E7C7BF23-62CC-4087-A0D1-070BD877D60C}.Debug|x86.ActiveCfg = Debug|Any CPU
		{E7C7BF23-62CC-4087-A0D1-070BD877D60C}.Debug|x86.Build.0 = Debug|Any CPU
		{E7C7BF23-62CC-4087-A0D1-070BD877D60C}.Release|Any CPU.ActiveCfg = Release|Any CPU
		{E7C7BF23-62CC-4087-A0D1-070BD877D60C}.Release|Any CPU.Build.0 = Release|Any CPU
		{E7C7BF23-62CC-4087-A0D1-070BD877D60C}.Release|x64.ActiveCfg = Release|Any CPU
		{E7C7BF23-62CC-4087-A0D1-070BD877D60C}.Release|x64.Build.0 = Release|Any CPU
		{E7C7BF23-62CC-4087-A0D1-070BD877D60C}.Release|x86.ActiveCfg = Release|Any CPU
		{E7C7BF23-62CC-4087-A0D1-070BD877D60C}.Release|x86.Build.0 = Release|Any CPU
		{AC4AE9FB-C246-407D-BB8B-DEECC3FEB9E5}.Debug|Any CPU.ActiveCfg = Debug|Any CPU
		{AC4AE9FB-C246-407D-BB8B-DEECC3FEB9E5}.Debug|Any CPU.Build.0 = Debug|Any CPU
		{AC4AE9FB-C246-407D-BB8B-DEECC3FEB9E5}.Debug|x64.ActiveCfg = Debug|Any CPU
		{AC4AE9FB-C246-407D-BB8B-DEECC3FEB9E5}.Debug|x64.Build.0 = Debug|Any CPU
		{AC4AE9FB-C246-407D-BB8B-DEECC3FEB9E5}.Debug|x86.ActiveCfg = Debug|Any CPU
		{AC4AE9FB-C246-407D-BB8B-DEECC3FEB9E5}.Debug|x86.Build.0 = Debug|Any CPU
		{AC4AE9FB-C246-407D-BB8B-DEECC3FEB9E5}.Release|Any CPU.ActiveCfg = Release|Any CPU
		{AC4AE9FB-C246-407D-BB8B-DEECC3FEB9E5}.Release|Any CPU.Build.0 = Release|Any CPU
		{AC4AE9FB-C246-407D-BB8B-DEECC3FEB9E5}.Release|x64.ActiveCfg = Release|Any CPU
		{AC4AE9FB-C246-407D-BB8B-DEECC3FEB9E5}.Release|x64.Build.0 = Release|Any CPU
		{AC4AE9FB-C246-407D-BB8B-DEECC3FEB9E5}.Release|x86.ActiveCfg = Release|Any CPU
		{AC4AE9FB-C246-407D-BB8B-DEECC3FEB9E5}.Release|x86.Build.0 = Release|Any CPU
	EndGlobalSection
	GlobalSection(SolutionProperties) = preSolution
		HideSolutionNode = FALSE
	EndGlobalSection
	GlobalSection(NestedProjects) = preSolution
		{15A205F6-5391-47DC-B3B3-F3F6C914F6E2} = {827E0CD3-B72D-47B6-A68D-7590B98EB39B}
		{75D3D7EE-2BAD-4C9B-BD07-3C58A986A912} = {827E0CD3-B72D-47B6-A68D-7590B98EB39B}
		{84A3AE82-01C7-40B0-84AF-D0A3D7A132D0} = {827E0CD3-B72D-47B6-A68D-7590B98EB39B}
		{BFCFF93A-DEA4-4FFD-B1DD-D1A98F676686} = {827E0CD3-B72D-47B6-A68D-7590B98EB39B}
		{5E71E13E-30B0-40CF-8346-D374F3D70E2F} = {827E0CD3-B72D-47B6-A68D-7590B98EB39B}
		{F32B6B2D-F703-494A-953C-6C82CE679699} = {827E0CD3-B72D-47B6-A68D-7590B98EB39B}
		{B7A06E9D-57AC-445E-B3E8-7AC4E7AD9906} = {827E0CD3-B72D-47B6-A68D-7590B98EB39B}
		{317BCD51-2399-4BD6-A42E-B5ADD4C61C47} = {0AB3BF05-4346-4AA6-1389-037BE0695223}
		{E7C7BF23-62CC-4087-A0D1-070BD877D60C} = {0AB3BF05-4346-4AA6-1389-037BE0695223}
		{AC4AE9FB-C246-407D-BB8B-DEECC3FEB9E5} = {0AB3BF05-4346-4AA6-1389-037BE0695223}
	EndGlobalSection
EndGlobal
